
Microsoft Visual Studio Solution File, Format Version 12.00
# Visual Studio Version 16
VisualStudioVersion = 16.0.29020.237
MinimumVisualStudioVersion = 10.0.40219.1
Project("{9A19103F-16F7-4668-BE54-9A1E7A4F7556}") = "PoshConsole.Demo", "PoshConsole.Demo\PoshConsole.Demo.csproj", "{FA34EE05-0E00-4D56-8C30-25F0B5D735E6}"
EndProject
Project("{9A19103F-16F7-4668-BE54-9A1E7A4F7556}") = "PoshCode.PoshConsole", "PoshCode.PoshConsole\PoshCode.PoshConsole.csproj", "{8135F268-594F-4536-A0A6-1B63923811F8}"
EndProject
Project("{2150E333-8FDC-42A3-9474-1A3956D46DE8}") = "Analysis", "Analysis", "{85B6FDC5-E55C-479C-B482-9C54486BDD6C}"
	ProjectSection(SolutionItems) = preProject
		.gitignore = .gitignore
		PoshCodeRules.ruleset = PoshCodeRules.ruleset
	EndProjectSection
EndProject
Global
	GlobalSection(SolutionConfigurationPlatforms) = preSolution
		Debug|Any CPU = Debug|Any CPU
		Debug|x64 = Debug|x64
		Debug|x86 = Debug|x86
		Release|Any CPU = Release|Any CPU
		Release|x64 = Release|x64
		Release|x86 = Release|x86
	EndGlobalSection
	GlobalSection(ProjectConfigurationPlatforms) = postSolution
		{FA34EE05-0E00-4D56-8C30-25F0B5D735E6}.Debug|Any CPU.ActiveCfg = Debug|Any CPU
		{FA34EE05-0E00-4D56-8C30-25F0B5D735E6}.Debug|Any CPU.Build.0 = Debug|Any CPU
		{FA34EE05-0E00-4D56-8C30-25F0B5D735E6}.Debug|x64.ActiveCfg = Debug|Any CPU
		{FA34EE05-0E00-4D56-8C30-25F0B5D735E6}.Debug|x64.Build.0 = Debug|Any CPU
		{FA34EE05-0E00-4D56-8C30-25F0B5D735E6}.Debug|x86.ActiveCfg = Debug|Any CPU
		{FA34EE05-0E00-4D56-8C30-25F0B5D735E6}.Debug|x86.Build.0 = Debug|Any CPU
		{FA34EE05-0E00-4D56-8C30-25F0B5D735E6}.Release|Any CPU.ActiveCfg = Release|Any CPU
		{FA34EE05-0E00-4D56-8C30-25F0B5D735E6}.Release|Any CPU.Build.0 = Release|Any CPU
		{FA34EE05-0E00-4D56-8C30-25F0B5D735E6}.Release|x64.ActiveCfg = Release|Any CPU
		{FA34EE05-0E00-4D56-8C30-25F0B5D735E6}.Release|x64.Build.0 = Release|Any CPU
		{FA34EE05-0E00-4D56-8C30-25F0B5D735E6}.Release|x86.ActiveCfg = Release|Any CPU
		{FA34EE05-0E00-4D56-8C30-25F0B5D735E6}.Release|x86.Build.0 = Release|Any CPU
		{8135F268-594F-4536-A0A6-1B63923811F8}.Debug|Any CPU.ActiveCfg = Debug|Any CPU
		{8135F268-594F-4536-A0A6-1B63923811F8}.Debug|Any CPU.Build.0 = Debug|Any CPU
		{8135F268-594F-4536-A0A6-1B63923811F8}.Debug|x64.ActiveCfg = Debug|Any CPU
		{8135F268-594F-4536-A0A6-1B63923811F8}.Debug|x64.Build.0 = Debug|Any CPU
		{8135F268-594F-4536-A0A6-1B63923811F8}.Debug|x86.ActiveCfg = Debug|Any CPU
		{8135F268-594F-4536-A0A6-1B63923811F8}.Debug|x86.Build.0 = Debug|Any CPU
		{8135F268-594F-4536-A0A6-1B63923811F8}.Release|Any CPU.ActiveCfg = Release|Any CPU
		{8135F268-594F-4536-A0A6-1B63923811F8}.Release|Any CPU.Build.0 = Release|Any CPU
		{8135F268-594F-4536-A0A6-1B63923811F8}.Release|x64.ActiveCfg = Release|Any CPU
		{8135F268-594F-4536-A0A6-1B63923811F8}.Release|x64.Build.0 = Release|Any CPU
		{8135F268-594F-4536-A0A6-1B63923811F8}.Release|x86.ActiveCfg = Release|Any CPU
		{8135F268-594F-4536-A0A6-1B63923811F8}.Release|x86.Build.0 = Release|Any CPU
	EndGlobalSection
	GlobalSection(SolutionProperties) = preSolution
		HideSolutionNode = FALSE
	EndGlobalSection
	GlobalSection(ExtensibilityGlobals) = postSolution
		SolutionGuid = {8E7B785C-2AB5-485C-B5BD-C3D17B5113E5}
	EndGlobalSection
EndGlobal
